<?xml version="1.0" encoding="utf-8"?>
<Project ToolsVersion="17.0" xmlns="http://schemas.microsoft.com/developer/msbuild/2003">
  <ItemGroup>
    <ClCompile Include="D:\dev\CMakeTutorial\cmake-3.28.1-tutorial-source\cmake-3.28.1-tutorial-source\Step2\MathFunctions\mysqrt.cxx">
      <Filter>Source Files</Filter>
    </ClCompile>
  </ItemGroup>
  <ItemGroup>
    <CustomBuild Include="D:\dev\CMakeTutorial\cmake-3.28.1-tutorial-source\cmake-3.28.1-tutorial-source\Step2\MathFunctions\CMakeLists.txt" />
  </ItemGroup>
  <ItemGroup>
    <Filter Include="Source Files">
      <UniqueIdentifier>{4F9829FB-94F7-3318-872C-B62F110865DD}</UniqueIdentifier>
    </Filter>
  </ItemGroup>
</Project>
