<?xml version="1.0" encoding="utf-8"?>
<Project ToolsVersion="17.0" xmlns="http://schemas.microsoft.com/developer/msbuild/2003">
  <ItemGroup>
    <CustomBuild Include="D:\dev\CMakeTutorial\cmake-3.28.1-tutorial-source\cmake-3.28.1-tutorial-source\Step2\Step2_build\CMakeFiles\26e5c2383da475b0b9f384c4b9a4dea5\generate.stamp.rule">
      <Filter>CMake Rules</Filter>
    </CustomBuild>
  </ItemGroup>
  <ItemGroup>
    <Filter Include="CMake Rules">
      <UniqueIdentifier>{7CB458CE-17E2-3A0C-883E-AE6D5B71DF47}</UniqueIdentifier>
    </Filter>
  </ItemGroup>
</Project>
