
Microsoft Visual Studio Solution File, Format Version 12.00
# Visual Studio Version 17
Project("{8BC9CEB8-8B4A-11D0-8D11-00A0C91BC942}") = "ALL_BUILD", "ALL_BUILD.vcxproj", "{07BB13B1-7E39-36DE-85CE-87F3FFE78E0C}"
	ProjectSection(ProjectDependencies) = postProject
		{A62D292A-13F5-318B-A001-B2A1D5E0EBCC} = {A62D292A-13F5-318B-A001-B2A1D5E0EBCC}
		{211E053C-CB20-3543-AA22-EEB694EA0F28} = {211E053C-CB20-3543-AA22-EEB694EA0F28}
		{D774BCF1-4CC3-34A3-8EAC-972668201046} = {D774BCF1-4CC3-34A3-8EAC-972668201046}
		{3B595C70-7CFD-39D7-9A5F-4F47C3B90BA0} = {3B595C70-7CFD-39D7-9A5F-4F47C3B90BA0}
	EndProjectSection
EndProject
Project("{8BC9CEB8-8B4A-11D0-8D11-00A0C91BC942}") = "INSTALL", "INSTALL.vcxproj", "{3492D08B-F6F3-37D8-88CB-9FC7709981A0}"
	ProjectSection(ProjectDependencies) = postProject
		{07BB13B1-7E39-36DE-85CE-87F3FFE78E0C} = {07BB13B1-7E39-36DE-85CE-87F3FFE78E0C}
		{3B595C70-7CFD-39D7-9A5F-4F47C3B90BA0} = {3B595C70-7CFD-39D7-9A5F-4F47C3B90BA0}
	EndProjectSection
EndProject
Project("{8BC9CEB8-8B4A-11D0-8D11-00A0C91BC942}") = "MathFunctions", "MathFunctions\MathFunctions.vcxproj", "{A62D292A-13F5-318B-A001-B2A1D5E0EBCC}"
	ProjectSection(ProjectDependencies) = postProject
		{211E053C-CB20-3543-AA22-EEB694EA0F28} = {211E053C-CB20-3543-AA22-EEB694EA0F28}
		{3B595C70-7CFD-39D7-9A5F-4F47C3B90BA0} = {3B595C70-7CFD-39D7-9A5F-4F47C3B90BA0}
	EndProjectSection
EndProject
Project("{8BC9CEB8-8B4A-11D0-8D11-00A0C91BC942}") = "SqrtLibrary", "MathFunctions\SqrtLibrary.vcxproj", "{211E053C-CB20-3543-AA22-EEB694EA0F28}"
	ProjectSection(ProjectDependencies) = postProject
		{3B595C70-7CFD-39D7-9A5F-4F47C3B90BA0} = {3B595C70-7CFD-39D7-9A5F-4F47C3B90BA0}
	EndProjectSection
EndProject
Project("{8BC9CEB8-8B4A-11D0-8D11-00A0C91BC942}") = "Tutorial", "Tutorial.vcxproj", "{D774BCF1-4CC3-34A3-8EAC-972668201046}"
	ProjectSection(ProjectDependencies) = postProject
		{A62D292A-13F5-318B-A001-B2A1D5E0EBCC} = {A62D292A-13F5-318B-A001-B2A1D5E0EBCC}
		{211E053C-CB20-3543-AA22-EEB694EA0F28} = {211E053C-CB20-3543-AA22-EEB694EA0F28}
		{3B595C70-7CFD-39D7-9A5F-4F47C3B90BA0} = {3B595C70-7CFD-39D7-9A5F-4F47C3B90BA0}
	EndProjectSection
EndProject
Project("{8BC9CEB8-8B4A-11D0-8D11-00A0C91BC942}") = "ZERO_CHECK", "ZERO_CHECK.vcxproj", "{3B595C70-7CFD-39D7-9A5F-4F47C3B90BA0}"
	ProjectSection(ProjectDependencies) = postProject
	EndProjectSection
EndProject
Global
	GlobalSection(SolutionConfigurationPlatforms) = preSolution
		Debug|x64 = Debug|x64
		Release|x64 = Release|x64
		MinSizeRel|x64 = MinSizeRel|x64
		RelWithDebInfo|x64 = RelWithDebInfo|x64
	EndGlobalSection
	GlobalSection(ProjectConfigurationPlatforms) = postSolution
		{07BB13B1-7E39-36DE-85CE-87F3FFE78E0C}.Debug|x64.ActiveCfg = Debug|x64
		{07BB13B1-7E39-36DE-85CE-87F3FFE78E0C}.Debug|x64.Build.0 = Debug|x64
		{07BB13B1-7E39-36DE-85CE-87F3FFE78E0C}.Release|x64.ActiveCfg = Release|x64
		{07BB13B1-7E39-36DE-85CE-87F3FFE78E0C}.Release|x64.Build.0 = Release|x64
		{07BB13B1-7E39-36DE-85CE-87F3FFE78E0C}.MinSizeRel|x64.ActiveCfg = MinSizeRel|x64
		{07BB13B1-7E39-36DE-85CE-87F3FFE78E0C}.MinSizeRel|x64.Build.0 = MinSizeRel|x64
		{07BB13B1-7E39-36DE-85CE-87F3FFE78E0C}.RelWithDebInfo|x64.ActiveCfg = RelWithDebInfo|x64
		{07BB13B1-7E39-36DE-85CE-87F3FFE78E0C}.RelWithDebInfo|x64.Build.0 = RelWithDebInfo|x64
		{3492D08B-F6F3-37D8-88CB-9FC7709981A0}.Debug|x64.ActiveCfg = Debug|x64
		{3492D08B-F6F3-37D8-88CB-9FC7709981A0}.Release|x64.ActiveCfg = Release|x64
		{3492D08B-F6F3-37D8-88CB-9FC7709981A0}.MinSizeRel|x64.ActiveCfg = MinSizeRel|x64
		{3492D08B-F6F3-37D8-88CB-9FC7709981A0}.RelWithDebInfo|x64.ActiveCfg = RelWithDebInfo|x64
		{A62D292A-13F5-318B-A001-B2A1D5E0EBCC}.Debug|x64.ActiveCfg = Debug|x64
		{A62D292A-13F5-318B-A001-B2A1D5E0EBCC}.Debug|x64.Build.0 = Debug|x64
		{A62D292A-13F5-318B-A001-B2A1D5E0EBCC}.Release|x64.ActiveCfg = Release|x64
		{A62D292A-13F5-318B-A001-B2A1D5E0EBCC}.Release|x64.Build.0 = Release|x64
		{A62D292A-13F5-318B-A001-B2A1D5E0EBCC}.MinSizeRel|x64.ActiveCfg = MinSizeRel|x64
		{A62D292A-13F5-318B-A001-B2A1D5E0EBCC}.MinSizeRel|x64.Build.0 = MinSizeRel|x64
		{A62D292A-13F5-318B-A001-B2A1D5E0EBCC}.RelWithDebInfo|x64.ActiveCfg = RelWithDebInfo|x64
		{A62D292A-13F5-318B-A001-B2A1D5E0EBCC}.RelWithDebInfo|x64.Build.0 = RelWithDebInfo|x64
		{211E053C-CB20-3543-AA22-EEB694EA0F28}.Debug|x64.ActiveCfg = Debug|x64
		{211E053C-CB20-3543-AA22-EEB694EA0F28}.Debug|x64.Build.0 = Debug|x64
		{211E053C-CB20-3543-AA22-EEB694EA0F28}.Release|x64.ActiveCfg = Release|x64
		{211E053C-CB20-3543-AA22-EEB694EA0F28}.Release|x64.Build.0 = Release|x64
		{211E053C-CB20-3543-AA22-EEB694EA0F28}.MinSizeRel|x64.ActiveCfg = MinSizeRel|x64
		{211E053C-CB20-3543-AA22-EEB694EA0F28}.MinSizeRel|x64.Build.0 = MinSizeRel|x64
		{211E053C-CB20-3543-AA22-EEB694EA0F28}.RelWithDebInfo|x64.ActiveCfg = RelWithDebInfo|x64
		{211E053C-CB20-3543-AA22-EEB694EA0F28}.RelWithDebInfo|x64.Build.0 = RelWithDebInfo|x64
		{D774BCF1-4CC3-34A3-8EAC-972668201046}.Debug|x64.ActiveCfg = Debug|x64
		{D774BCF1-4CC3-34A3-8EAC-972668201046}.Debug|x64.Build.0 = Debug|x64
		{D774BCF1-4CC3-34A3-8EAC-972668201046}.Release|x64.ActiveCfg = Release|x64
		{D774BCF1-4CC3-34A3-8EAC-972668201046}.Release|x64.Build.0 = Release|x64
		{D774BCF1-4CC3-34A3-8EAC-972668201046}.MinSizeRel|x64.ActiveCfg = MinSizeRel|x64
		{D774BCF1-4CC3-34A3-8EAC-972668201046}.MinSizeRel|x64.Build.0 = MinSizeRel|x64
		{D774BCF1-4CC3-34A3-8EAC-972668201046}.RelWithDebInfo|x64.ActiveCfg = RelWithDebInfo|x64
		{D774BCF1-4CC3-34A3-8EAC-972668201046}.RelWithDebInfo|x64.Build.0 = RelWithDebInfo|x64
		{3B595C70-7CFD-39D7-9A5F-4F47C3B90BA0}.Debug|x64.ActiveCfg = Debug|x64
		{3B595C70-7CFD-39D7-9A5F-4F47C3B90BA0}.Debug|x64.Build.0 = Debug|x64
		{3B595C70-7CFD-39D7-9A5F-4F47C3B90BA0}.Release|x64.ActiveCfg = Release|x64
		{3B595C70-7CFD-39D7-9A5F-4F47C3B90BA0}.Release|x64.Build.0 = Release|x64
		{3B595C70-7CFD-39D7-9A5F-4F47C3B90BA0}.MinSizeRel|x64.ActiveCfg = MinSizeRel|x64
		{3B595C70-7CFD-39D7-9A5F-4F47C3B90BA0}.MinSizeRel|x64.Build.0 = MinSizeRel|x64
		{3B595C70-7CFD-39D7-9A5F-4F47C3B90BA0}.RelWithDebInfo|x64.ActiveCfg = RelWithDebInfo|x64
		{3B595C70-7CFD-39D7-9A5F-4F47C3B90BA0}.RelWithDebInfo|x64.Build.0 = RelWithDebInfo|x64
	EndGlobalSection
	GlobalSection(ExtensibilityGlobals) = postSolution
		SolutionGuid = {24DE4063-598F-3E0E-AF39-2E7698185B9A}
	EndGlobalSection
	GlobalSection(ExtensibilityAddIns) = postSolution
	EndGlobalSection
EndGlobal
